# Generated by buf. DO NOT EDIT.
version: v1
deps:
  - remote: buf.build
    owner: opentelemetry
    repository: opentelemetry
    commit: da311a40617b42ff96380ad6c01d1dda
    digest: shake256:300edc44155f0740cf1dd9aad2513b01921900d65bcfdab7f402596d70564a72b84473e63f6aec7f6ff60b45d63913e0d509f690ff25821f8b614fa15c7cf323
  - remote: buf.build
    owner: protocolbuffers
    repository: wellknowntypes
    commit: 3186086b2a8e44d9acdeeef2423c5de7
    digest: shake256:3b9dc2f56d9ed2e4001f95b701985fd803f7e2559b19b6a18d5f4e792cfdde320e765638de69fff037edc202b0006532d7ff19eab9465526b5ec628e4a5e5a1a
