# Generated by buf. DO NOT EDIT.
version: v1
deps:
  - remote: buf.build
    owner: opentelemetry
    repository: opentelemetry
    commit: da311a40617b42ff96380ad6c01d1dda
    digest: shake256:300edc44155f0740cf1dd9aad2513b01921900d65bcfdab7f402596d70564a72b84473e63f6aec7f6ff60b45d63913e0d509f690ff25821f8b614fa15c7cf323
  - remote: buf.build
    owner: protocolbuffers
    repository: wellknowntypes
    commit: f17e05fe4a764a3482b8e033daec742e
    digest: shake256:886495c560d96bc48bef49e17e3d33430fa1f6c735b0cee40ef83161824b01c2d2f342d81ca02aadeed52aa3cf4a8273d5ab9584fbb595b71e7e44240caedb00
